{
  "version": 4,
  "terraform_version": "1.6.4",
  "serial": 45,
  "lineage": "e6cf6ddd-898a-01b3-7eba-1151e6fda725",
  "outputs": {},
  "resources": [
    {
      "mode": "data",
      "type": "aws_availability_zones",
      "name": "available-zones",
      "provider": "provider[\"registry.terraform.io/hashicorp/aws\"]",
      "instances": [
        {
          "schema_version": 0,
          "attributes": {
            "all_availability_zones": null,
            "exclude_names": null,
            "exclude_zone_ids": null,
            "filter": null,
            "group_names": [
              "us-east-1"
            ],
            "id": "us-east-1",
            "names": [
              "us-east-1a",
              "us-east-1b",
              "us-east-1c",
              "us-east-1d",
              "us-east-1e",
              "us-east-1f"
            ],
            "state": null,
            "timeouts": null,
            "zone_ids": [
              "use1-az2",
              "use1-az4",
              "use1-az6",
              "use1-az1",
              "use1-az3",
              "use1-az5"
            ]
          },
          "sensitive_attributes": []
        }
      ]
    },
    {
      "mode": "managed",
      "type": "aws_cloudwatch_log_group",
      "name": "cluster-log-group",
      "provider": "provider[\"registry.terraform.io/hashicorp/aws\"]",
      "instances": [
        {
          "schema_version": 0,
          "attributes": {
            "arn": "arn:aws:logs:us-east-1:311948659781:log-group:/aws/eks/joao-dev-curso-fc/cluster",
            "id": "/aws/eks/joao-dev-curso-fc/cluster",
            "kms_key_id": "",
            "name": "/aws/eks/joao-dev-curso-fc/cluster",
            "name_prefix": "",
            "retention_in_days": 30,
            "skip_destroy": false,
            "tags": {},
            "tags_all": {}
          },
          "sensitive_attributes": [],
          "private": "bnVsbA=="
        }
      ]
    },
    {
      "mode": "managed",
      "type": "aws_eks_cluster",
      "name": "cluster",
      "provider": "provider[\"registry.terraform.io/hashicorp/aws\"]",
      "instances": [
        {
          "schema_version": 0,
          "attributes": {
            "arn": "arn:aws:eks:us-east-1:311948659781:cluster/joao-dev-curso-fc",
            "certificate_authority": [
              {
                "data": "LS0tLS1CRUdJTiBDRVJUSUZJQ0FURS0tLS0tCk1JSURCVENDQWUyZ0F3SUJBZ0lJY1ZpTjZoaXhyeGN3RFFZSktvWklodmNOQVFFTEJRQXdGVEVUTUJFR0ExVUUKQXhNS2EzVmlaWEp1WlhSbGN6QWVGdzB5TXpFeE1qSXlNVFV5TkRSYUZ3MHpNekV4TVRreU1UVTNORFJhTUJVeApFekFSQmdOVkJBTVRDbXQxWW1WeWJtVjBaWE13Z2dFaU1BMEdDU3FHU0liM0RRRUJBUVVBQTRJQkR3QXdnZ0VLCkFvSUJBUURNaDUwN016ZHlzQklvUVZaY3FqM3lVYW0xQ2JvZWNHS0c3TVlMa0hpbk5ZQ2wxWmY1d0NLVXZHd1gKTm94Q3dYNHNkVXdTb0pYWWFGU1pBZmNaaEVSRTRjczZ0K1ltNGR6eG9YVWc5c0VlaGxqL0M1ZllGYTZzbjYvSQpqdE9GMkVKY0RkZTZLdXZ5MkpoUVZPQTA5SWJUWnFtclg3QVNKUzNIZm9sYnFrMjAyS2Q0OEVIc2hZUmllREhiClRCTlhTT1VkY0hraGh1U3JvNmloWitKMC8yOTY1YjdFaitqZjFoWGkvMGdXYWhEa3dCdkNONjdqazNRMzJqZ28KVENrQ2pwbFUyejc5Y3U0VFdraURweVFYUkdBYkh5RlRVYnJXNHFTWnFvYVY1TjlLUlljOUtpZDhIVVJid0xKSwpvK2FYZEJibzE1VWgyZ0tMcks4eHVsZXhjREhUQWdNQkFBR2pXVEJYTUE0R0ExVWREd0VCL3dRRUF3SUNwREFQCkJnTlZIUk1CQWY4RUJUQURBUUgvTUIwR0ExVWREZ1FXQkJSKzF2dCtpQ2NJTkxYcm45K092dmZJUy9qOG9UQVYKQmdOVkhSRUVEakFNZ2dwcmRXSmxjbTVsZEdWek1BMEdDU3FHU0liM0RRRUJDd1VBQTRJQkFRQUhiUldhdVVKaQpCZ0dHdmdhWklrMWRSUUs3ZFdTeWpMWWttcWRmcjhla1FlNWgrTmljMmh4Q1ZJeWt4c3V5MTJRRVNhYkJwZEY2CmFWRVZRUWpDRWtsUVVBK0NmZGthdmhjWC9pVXp4Ujd5eWU3ZWNNRFM4WTVUWWJobFN2OXRoK3FyYjdqV2dNUXAKUzZnRnU3Y2ZKdUtqbGRwcUxLOEVWQ3JZMnJmK00xTnAyckY2QkRKMHdrRmxaYmpyZXhqdHZJbTJsQUthV2liYgo0VDBScFVhMlFhUFpXOU8xN0dwUWFxOThSeEd5VCtnZFVJTkxQQXg4Y0dYWEkzUUhYeVFobUthdjgvd2pDRVl6Cm5ZVUFwUFkvZmI2blZlV2FWaTlUc1pDMElUQlZxVmhIWkwvZVErL244OHg2U2lncDEzSDJ2K2hHU0p5Y2ExaHMKZDM0QVc2NTc4SnI5Ci0tLS0tRU5EIENFUlRJRklDQVRFLS0tLS0K"
              }
            ],
            "cluster_id": null,
            "created_at": "2023-11-22 21:52:20.466 +0000 UTC",
            "enabled_cluster_log_types": [
              "api",
              "audit"
            ],
            "encryption_config": [],
            "endpoint": "https://0513684DEDC1820ADA17ACC712A8C598.gr7.us-east-1.eks.amazonaws.com",
            "id": "joao-dev-curso-fc",
            "identity": [
              {
                "oidc": [
                  {
                    "issuer": "https://oidc.eks.us-east-1.amazonaws.com/id/0513684DEDC1820ADA17ACC712A8C598"
                  }
                ]
              }
            ],
            "kubernetes_network_config": [
              {
                "ip_family": "ipv4",
                "service_ipv4_cidr": "172.20.0.0/16",
                "service_ipv6_cidr": ""
              }
            ],
            "name": "joao-dev-curso-fc",
            "outpost_config": [],
            "platform_version": "eks.4",
            "role_arn": "arn:aws:iam::311948659781:role/joao-dev-curso-fc-role",
            "status": "ACTIVE",
            "tags": {},
            "tags_all": {},
            "timeouts": null,
            "version": "1.28",
            "vpc_config": [
              {
                "cluster_security_group_id": "sg-0254bf73bdc29d122",
                "endpoint_private_access": false,
                "endpoint_public_access": true,
                "public_access_cidrs": [
                  "0.0.0.0/0"
                ],
                "security_group_ids": [
                  "sg-0d8b3f93524601108"
                ],
                "subnet_ids": [
                  "subnet-0280c24110558d924",
                  "subnet-058023559cce496b8"
                ],
                "vpc_id": "vpc-01fcf5e0ff7ccc8da"
              }
            ]
          },
          "sensitive_attributes": [],
          "private": "eyJlMmJmYjczMC1lY2FhLTExZTYtOGY4OC0zNDM2M2JjN2M0YzAiOnsiY3JlYXRlIjoxODAwMDAwMDAwMDAwLCJkZWxldGUiOjkwMDAwMDAwMDAwMCwidXBkYXRlIjozNjAwMDAwMDAwMDAwfX0=",
          "dependencies": [
            "aws_cloudwatch_log_group.cluster-log-group",
            "aws_iam_role.cluster-role",
            "aws_iam_role_policy_attachment.cluster-AmazonEKSCluserPolicy",
            "aws_iam_role_policy_attachment.cluster-AmazonEKSVPCResourceController",
            "aws_security_group.new-security-group",
            "aws_subnet.subnets",
            "aws_vpc.new-vpc",
            "data.aws_availability_zones.available-zones"
          ]
        }
      ]
    },
    {
      "mode": "managed",
      "type": "aws_eks_node_group",
      "name": "node-group-1",
      "provider": "provider[\"registry.terraform.io/hashicorp/aws\"]",
      "instances": [
        {
          "schema_version": 0,
          "attributes": {
            "ami_type": "AL2_x86_64",
            "arn": "arn:aws:eks:us-east-1:311948659781:nodegroup/joao-dev-curso-fc/joao-dev-curso-fc-node-group-1/dec5fc8e-868c-b85d-6523-a97b963ca02c",
            "capacity_type": "ON_DEMAND",
            "cluster_name": "joao-dev-curso-fc",
            "disk_size": 20,
            "force_update_version": null,
            "id": "joao-dev-curso-fc:joao-dev-curso-fc-node-group-1",
            "instance_types": [
              "t3.medium"
            ],
            "labels": {},
            "launch_template": [],
            "node_group_name": "joao-dev-curso-fc-node-group-1",
            "node_group_name_prefix": "",
            "node_role_arn": "arn:aws:iam::311948659781:role/joao-dev-curso-fc-node-role",
            "release_version": "1.28.3-20231116",
            "remote_access": [],
            "resources": [
              {
                "autoscaling_groups": [
                  {
                    "name": "eks-joao-dev-curso-fc-node-group-1-dec5fc8e-868c-b85d-6523-a97b963ca02c"
                  }
                ],
                "remote_access_security_group_id": ""
              }
            ],
            "scaling_config": [
              {
                "desired_size": 2,
                "max_size": 4,
                "min_size": 2
              }
            ],
            "status": "ACTIVE",
            "subnet_ids": [
              "subnet-0280c24110558d924",
              "subnet-058023559cce496b8"
            ],
            "tags": {},
            "tags_all": {},
            "taint": [],
            "timeouts": null,
            "update_config": [
              {
                "max_unavailable": 1,
                "max_unavailable_percentage": 0
              }
            ],
            "version": "1.28"
          },
          "sensitive_attributes": [],
          "private": "eyJlMmJmYjczMC1lY2FhLTExZTYtOGY4OC0zNDM2M2JjN2M0YzAiOnsiY3JlYXRlIjozNjAwMDAwMDAwMDAwLCJkZWxldGUiOjM2MDAwMDAwMDAwMDAsInVwZGF0ZSI6MzYwMDAwMDAwMDAwMH19",
          "dependencies": [
            "aws_cloudwatch_log_group.cluster-log-group",
            "aws_eks_cluster.cluster",
            "aws_iam_role.cluster-role",
            "aws_iam_role.node-role",
            "aws_iam_role_policy_attachment.cluster-AmazonEKSCluserPolicy",
            "aws_iam_role_policy_attachment.cluster-AmazonEKSVPCResourceController",
            "aws_iam_role_policy_attachment.node-AmazonEC2ContainerRegistryReadOnly",
            "aws_iam_role_policy_attachment.node-AmazonEKSWorkerNodePolicy",
            "aws_iam_role_policy_attachment.node-AmazonEKS_CNI_Policy",
            "aws_security_group.new-security-group",
            "aws_subnet.subnets",
            "aws_vpc.new-vpc",
            "data.aws_availability_zones.available-zones"
          ]
        }
      ]
    },
    {
      "mode": "managed",
      "type": "aws_eks_node_group",
      "name": "node-group-2",
      "provider": "provider[\"registry.terraform.io/hashicorp/aws\"]",
      "instances": [
        {
          "schema_version": 0,
          "attributes": {
            "ami_type": "AL2_x86_64",
            "arn": "arn:aws:eks:us-east-1:311948659781:nodegroup/joao-dev-curso-fc/joao-dev-curso-fc-node-group-2/50c5fc93-20e0-61df-c91b-6f0ce31f7a0b",
            "capacity_type": "ON_DEMAND",
            "cluster_name": "joao-dev-curso-fc",
            "disk_size": 20,
            "force_update_version": null,
            "id": "joao-dev-curso-fc:joao-dev-curso-fc-node-group-2",
            "instance_types": [
              "t3.micro"
            ],
            "labels": {},
            "launch_template": [],
            "node_group_name": "joao-dev-curso-fc-node-group-2",
            "node_group_name_prefix": "",
            "node_role_arn": "arn:aws:iam::311948659781:role/joao-dev-curso-fc-node-role",
            "release_version": "1.28.3-20231116",
            "remote_access": [],
            "resources": [
              {
                "autoscaling_groups": [
                  {
                    "name": "eks-joao-dev-curso-fc-node-group-2-50c5fc93-20e0-61df-c91b-6f0ce31f7a0b"
                  }
                ],
                "remote_access_security_group_id": ""
              }
            ],
            "scaling_config": [
              {
                "desired_size": 2,
                "max_size": 4,
                "min_size": 2
              }
            ],
            "status": "ACTIVE",
            "subnet_ids": [
              "subnet-0280c24110558d924",
              "subnet-058023559cce496b8"
            ],
            "tags": {},
            "tags_all": {},
            "taint": [],
            "timeouts": null,
            "update_config": [
              {
                "max_unavailable": 1,
                "max_unavailable_percentage": 0
              }
            ],
            "version": "1.28"
          },
          "sensitive_attributes": [],
          "private": "eyJlMmJmYjczMC1lY2FhLTExZTYtOGY4OC0zNDM2M2JjN2M0YzAiOnsiY3JlYXRlIjozNjAwMDAwMDAwMDAwLCJkZWxldGUiOjM2MDAwMDAwMDAwMDAsInVwZGF0ZSI6MzYwMDAwMDAwMDAwMH19",
          "dependencies": [
            "aws_cloudwatch_log_group.cluster-log-group",
            "aws_eks_cluster.cluster",
            "aws_iam_role.cluster-role",
            "aws_iam_role.node-role",
            "aws_iam_role_policy_attachment.cluster-AmazonEKSCluserPolicy",
            "aws_iam_role_policy_attachment.cluster-AmazonEKSVPCResourceController",
            "aws_iam_role_policy_attachment.node-AmazonEC2ContainerRegistryReadOnly",
            "aws_iam_role_policy_attachment.node-AmazonEKSWorkerNodePolicy",
            "aws_iam_role_policy_attachment.node-AmazonEKS_CNI_Policy",
            "aws_security_group.new-security-group",
            "aws_subnet.subnets",
            "aws_vpc.new-vpc",
            "data.aws_availability_zones.available-zones"
          ]
        }
      ]
    },
    {
      "mode": "managed",
      "type": "aws_iam_role",
      "name": "cluster-role",
      "provider": "provider[\"registry.terraform.io/hashicorp/aws\"]",
      "instances": [
        {
          "schema_version": 0,
          "attributes": {
            "arn": "arn:aws:iam::311948659781:role/joao-dev-curso-fc-role",
            "assume_role_policy": "{\"Statement\":[{\"Action\":\"sts:AssumeRole\",\"Effect\":\"Allow\",\"Principal\":{\"Service\":\"eks.amazonaws.com\"}}],\"Version\":\"2012-10-17\"}",
            "create_date": "2023-11-22T21:37:12Z",
            "description": "",
            "force_detach_policies": false,
            "id": "joao-dev-curso-fc-role",
            "inline_policy": [],
            "managed_policy_arns": [
              "arn:aws:iam::aws:policy/AmazonEKSClusterPolicy",
              "arn:aws:iam::aws:policy/AmazonEKSVPCResourceController"
            ],
            "max_session_duration": 3600,
            "name": "joao-dev-curso-fc-role",
            "name_prefix": "",
            "path": "/",
            "permissions_boundary": "",
            "tags": {},
            "tags_all": {},
            "unique_id": "AROAURIMWZRCZSDZXNORC"
          },
          "sensitive_attributes": [],
          "private": "bnVsbA=="
        }
      ]
    },
    {
      "mode": "managed",
      "type": "aws_iam_role",
      "name": "node-role",
      "provider": "provider[\"registry.terraform.io/hashicorp/aws\"]",
      "instances": [
        {
          "schema_version": 0,
          "attributes": {
            "arn": "arn:aws:iam::311948659781:role/joao-dev-curso-fc-node-role",
            "assume_role_policy": "{\"Statement\":[{\"Action\":\"sts:AssumeRole\",\"Effect\":\"Allow\",\"Principal\":{\"Service\":\"ec2.amazonaws.com\"}}],\"Version\":\"2012-10-17\"}",
            "create_date": "2023-11-22T22:09:03Z",
            "description": "",
            "force_detach_policies": false,
            "id": "joao-dev-curso-fc-node-role",
            "inline_policy": [],
            "managed_policy_arns": [
              "arn:aws:iam::aws:policy/AmazonEC2ContainerRegistryReadOnly",
              "arn:aws:iam::aws:policy/AmazonEKSWorkerNodePolicy",
              "arn:aws:iam::aws:policy/AmazonEKS_CNI_Policy"
            ],
            "max_session_duration": 3600,
            "name": "joao-dev-curso-fc-node-role",
            "name_prefix": "",
            "path": "/",
            "permissions_boundary": "",
            "tags": {},
            "tags_all": {},
            "unique_id": "AROAURIMWZRC6VH42VIRZ"
          },
          "sensitive_attributes": [],
          "private": "bnVsbA=="
        }
      ]
    },
    {
      "mode": "managed",
      "type": "aws_iam_role_policy_attachment",
      "name": "cluster-AmazonEKSCluserPolicy",
      "provider": "provider[\"registry.terraform.io/hashicorp/aws\"]",
      "instances": [
        {
          "schema_version": 0,
          "attributes": {
            "id": "joao-dev-curso-fc-role-20231122214244194800000001",
            "policy_arn": "arn:aws:iam::aws:policy/AmazonEKSClusterPolicy",
            "role": "joao-dev-curso-fc-role"
          },
          "sensitive_attributes": [],
          "private": "bnVsbA==",
          "dependencies": [
            "aws_iam_role.cluster-role"
          ]
        }
      ]
    },
    {
      "mode": "managed",
      "type": "aws_iam_role_policy_attachment",
      "name": "cluster-AmazonEKSVPCResourceController",
      "provider": "provider[\"registry.terraform.io/hashicorp/aws\"]",
      "instances": [
        {
          "schema_version": 0,
          "attributes": {
            "id": "joao-dev-curso-fc-role-20231122214057509700000001",
            "policy_arn": "arn:aws:iam::aws:policy/AmazonEKSVPCResourceController",
            "role": "joao-dev-curso-fc-role"
          },
          "sensitive_attributes": [],
          "private": "bnVsbA==",
          "dependencies": [
            "aws_iam_role.cluster-role"
          ]
        }
      ]
    },
    {
      "mode": "managed",
      "type": "aws_iam_role_policy_attachment",
      "name": "node-AmazonEC2ContainerRegistryReadOnly",
      "provider": "provider[\"registry.terraform.io/hashicorp/aws\"]",
      "instances": [
        {
          "schema_version": 0,
          "attributes": {
            "id": "joao-dev-curso-fc-node-role-20231122221300996300000002",
            "policy_arn": "arn:aws:iam::aws:policy/AmazonEC2ContainerRegistryReadOnly",
            "role": "joao-dev-curso-fc-node-role"
          },
          "sensitive_attributes": [],
          "private": "bnVsbA==",
          "dependencies": [
            "aws_iam_role.node-role"
          ]
        }
      ]
    },
    {
      "mode": "managed",
      "type": "aws_iam_role_policy_attachment",
      "name": "node-AmazonEKSWorkerNodePolicy",
      "provider": "provider[\"registry.terraform.io/hashicorp/aws\"]",
      "instances": [
        {
          "schema_version": 0,
          "attributes": {
            "id": "joao-dev-curso-fc-node-role-20231122221300996200000001",
            "policy_arn": "arn:aws:iam::aws:policy/AmazonEKSWorkerNodePolicy",
            "role": "joao-dev-curso-fc-node-role"
          },
          "sensitive_attributes": [],
          "private": "bnVsbA==",
          "dependencies": [
            "aws_iam_role.node-role"
          ]
        }
      ]
    },
    {
      "mode": "managed",
      "type": "aws_iam_role_policy_attachment",
      "name": "node-AmazonEKS_CNI_Policy",
      "provider": "provider[\"registry.terraform.io/hashicorp/aws\"]",
      "instances": [
        {
          "schema_version": 0,
          "attributes": {
            "id": "joao-dev-curso-fc-node-role-20231122221301037500000003",
            "policy_arn": "arn:aws:iam::aws:policy/AmazonEKS_CNI_Policy",
            "role": "joao-dev-curso-fc-node-role"
          },
          "sensitive_attributes": [],
          "private": "bnVsbA==",
          "dependencies": [
            "aws_iam_role.node-role"
          ]
        }
      ]
    },
    {
      "mode": "managed",
      "type": "aws_internet_gateway",
      "name": "new-igw",
      "provider": "provider[\"registry.terraform.io/hashicorp/aws\"]",
      "instances": [
        {
          "schema_version": 0,
          "attributes": {
            "arn": "arn:aws:ec2:us-east-1:311948659781:internet-gateway/igw-07f1c718ab72451fe",
            "id": "igw-07f1c718ab72451fe",
            "owner_id": "311948659781",
            "tags": {
              "Name": "joao-dev-igw"
            },
            "tags_all": {
              "Name": "joao-dev-igw"
            },
            "timeouts": null,
            "vpc_id": "vpc-01fcf5e0ff7ccc8da"
          },
          "sensitive_attributes": [],
          "private": "eyJlMmJmYjczMC1lY2FhLTExZTYtOGY4OC0zNDM2M2JjN2M0YzAiOnsiY3JlYXRlIjoxMjAwMDAwMDAwMDAwLCJkZWxldGUiOjEyMDAwMDAwMDAwMDAsInVwZGF0ZSI6MTIwMDAwMDAwMDAwMH19",
          "dependencies": [
            "aws_vpc.new-vpc"
          ]
        }
      ]
    },
    {
      "mode": "managed",
      "type": "aws_route_table",
      "name": "new-route-table",
      "provider": "provider[\"registry.terraform.io/hashicorp/aws\"]",
      "instances": [
        {
          "schema_version": 0,
          "attributes": {
            "arn": "arn:aws:ec2:us-east-1:311948659781:route-table/rtb-0b653d8f1eb5bba77",
            "id": "rtb-0b653d8f1eb5bba77",
            "owner_id": "311948659781",
            "propagating_vgws": [],
            "route": [
              {
                "carrier_gateway_id": "",
                "cidr_block": "0.0.0.0/0",
                "core_network_arn": "",
                "destination_prefix_list_id": "",
                "egress_only_gateway_id": "",
                "gateway_id": "igw-07f1c718ab72451fe",
                "ipv6_cidr_block": "",
                "local_gateway_id": "",
                "nat_gateway_id": "",
                "network_interface_id": "",
                "transit_gateway_id": "",
                "vpc_endpoint_id": "",
                "vpc_peering_connection_id": ""
              }
            ],
            "tags": {
              "Name": "joao-dev-route-table"
            },
            "tags_all": {
              "Name": "joao-dev-route-table"
            },
            "timeouts": null,
            "vpc_id": "vpc-01fcf5e0ff7ccc8da"
          },
          "sensitive_attributes": [],
          "private": "eyJlMmJmYjczMC1lY2FhLTExZTYtOGY4OC0zNDM2M2JjN2M0YzAiOnsiY3JlYXRlIjozMDAwMDAwMDAwMDAsImRlbGV0ZSI6MzAwMDAwMDAwMDAwLCJ1cGRhdGUiOjEyMDAwMDAwMDAwMH19",
          "dependencies": [
            "aws_internet_gateway.new-igw",
            "aws_vpc.new-vpc"
          ]
        }
      ]
    },
    {
      "mode": "managed",
      "type": "aws_route_table_association",
      "name": "new-route-table-association",
      "provider": "provider[\"registry.terraform.io/hashicorp/aws\"]",
      "instances": [
        {
          "index_key": 0,
          "schema_version": 0,
          "attributes": {
            "gateway_id": "",
            "id": "rtbassoc-0db50ab8205703774",
            "route_table_id": "rtb-0b653d8f1eb5bba77",
            "subnet_id": "subnet-058023559cce496b8",
            "timeouts": null
          },
          "sensitive_attributes": [],
          "private": "eyJlMmJmYjczMC1lY2FhLTExZTYtOGY4OC0zNDM2M2JjN2M0YzAiOnsiY3JlYXRlIjozMDAwMDAwMDAwMDAsImRlbGV0ZSI6MzAwMDAwMDAwMDAwLCJ1cGRhdGUiOjEyMDAwMDAwMDAwMH19",
          "dependencies": [
            "aws_internet_gateway.new-igw",
            "aws_route_table.new-route-table",
            "aws_subnet.subnets",
            "aws_vpc.new-vpc",
            "data.aws_availability_zones.available-zones"
          ]
        },
        {
          "index_key": 1,
          "schema_version": 0,
          "attributes": {
            "gateway_id": "",
            "id": "rtbassoc-01f9a9bc262acebc4",
            "route_table_id": "rtb-0b653d8f1eb5bba77",
            "subnet_id": "subnet-0280c24110558d924",
            "timeouts": null
          },
          "sensitive_attributes": [],
          "private": "eyJlMmJmYjczMC1lY2FhLTExZTYtOGY4OC0zNDM2M2JjN2M0YzAiOnsiY3JlYXRlIjozMDAwMDAwMDAwMDAsImRlbGV0ZSI6MzAwMDAwMDAwMDAwLCJ1cGRhdGUiOjEyMDAwMDAwMDAwMH19",
          "dependencies": [
            "aws_internet_gateway.new-igw",
            "aws_route_table.new-route-table",
            "aws_subnet.subnets",
            "aws_vpc.new-vpc",
            "data.aws_availability_zones.available-zones"
          ]
        }
      ]
    },
    {
      "mode": "managed",
      "type": "aws_security_group",
      "name": "new-security-group",
      "provider": "provider[\"registry.terraform.io/hashicorp/aws\"]",
      "instances": [
        {
          "schema_version": 1,
          "attributes": {
            "arn": "arn:aws:ec2:us-east-1:311948659781:security-group/sg-0d8b3f93524601108",
            "description": "Managed by Terraform",
            "egress": [
              {
                "cidr_blocks": [
                  "0.0.0.0/0"
                ],
                "description": "",
                "from_port": 0,
                "ipv6_cidr_blocks": [],
                "prefix_list_ids": [],
                "protocol": "-1",
                "security_groups": [],
                "self": false,
                "to_port": 0
              }
            ],
            "id": "sg-0d8b3f93524601108",
            "ingress": [],
            "name": "terraform-20231122212446739400000001",
            "name_prefix": "terraform-",
            "owner_id": "311948659781",
            "revoke_rules_on_delete": false,
            "tags": {
              "Name": "joao-dev-security-group"
            },
            "tags_all": {
              "Name": "joao-dev-security-group"
            },
            "timeouts": null,
            "vpc_id": "vpc-01fcf5e0ff7ccc8da"
          },
          "sensitive_attributes": [],
          "private": "eyJlMmJmYjczMC1lY2FhLTExZTYtOGY4OC0zNDM2M2JjN2M0YzAiOnsiY3JlYXRlIjo2MDAwMDAwMDAwMDAsImRlbGV0ZSI6OTAwMDAwMDAwMDAwfSwic2NoZW1hX3ZlcnNpb24iOiIxIn0=",
          "dependencies": [
            "aws_vpc.new-vpc"
          ]
        }
      ]
    },
    {
      "mode": "managed",
      "type": "aws_subnet",
      "name": "subnets",
      "provider": "provider[\"registry.terraform.io/hashicorp/aws\"]",
      "instances": [
        {
          "index_key": 0,
          "schema_version": 1,
          "attributes": {
            "arn": "arn:aws:ec2:us-east-1:311948659781:subnet/subnet-058023559cce496b8",
            "assign_ipv6_address_on_creation": false,
            "availability_zone": "us-east-1a",
            "availability_zone_id": "use1-az2",
            "cidr_block": "10.0.0.0/24",
            "customer_owned_ipv4_pool": "",
            "enable_dns64": false,
            "enable_lni_at_device_index": 0,
            "enable_resource_name_dns_a_record_on_launch": false,
            "enable_resource_name_dns_aaaa_record_on_launch": false,
            "id": "subnet-058023559cce496b8",
            "ipv6_cidr_block": "",
            "ipv6_cidr_block_association_id": "",
            "ipv6_native": false,
            "map_customer_owned_ip_on_launch": false,
            "map_public_ip_on_launch": true,
            "outpost_arn": "",
            "owner_id": "311948659781",
            "private_dns_hostname_type_on_launch": "ip-name",
            "tags": {
              "Name": "joao-dev-subnet-0"
            },
            "tags_all": {
              "Name": "joao-dev-subnet-0"
            },
            "timeouts": null,
            "vpc_id": "vpc-01fcf5e0ff7ccc8da"
          },
          "sensitive_attributes": [],
          "private": "eyJlMmJmYjczMC1lY2FhLTExZTYtOGY4OC0zNDM2M2JjN2M0YzAiOnsiY3JlYXRlIjo2MDAwMDAwMDAwMDAsImRlbGV0ZSI6MTIwMDAwMDAwMDAwMH0sInNjaGVtYV92ZXJzaW9uIjoiMSJ9",
          "dependencies": [
            "aws_vpc.new-vpc",
            "data.aws_availability_zones.available-zones"
          ]
        },
        {
          "index_key": 1,
          "schema_version": 1,
          "attributes": {
            "arn": "arn:aws:ec2:us-east-1:311948659781:subnet/subnet-0280c24110558d924",
            "assign_ipv6_address_on_creation": false,
            "availability_zone": "us-east-1b",
            "availability_zone_id": "use1-az4",
            "cidr_block": "10.0.1.0/24",
            "customer_owned_ipv4_pool": "",
            "enable_dns64": false,
            "enable_lni_at_device_index": 0,
            "enable_resource_name_dns_a_record_on_launch": false,
            "enable_resource_name_dns_aaaa_record_on_launch": false,
            "id": "subnet-0280c24110558d924",
            "ipv6_cidr_block": "",
            "ipv6_cidr_block_association_id": "",
            "ipv6_native": false,
            "map_customer_owned_ip_on_launch": false,
            "map_public_ip_on_launch": true,
            "outpost_arn": "",
            "owner_id": "311948659781",
            "private_dns_hostname_type_on_launch": "ip-name",
            "tags": {
              "Name": "joao-dev-subnet-1"
            },
            "tags_all": {
              "Name": "joao-dev-subnet-1"
            },
            "timeouts": null,
            "vpc_id": "vpc-01fcf5e0ff7ccc8da"
          },
          "sensitive_attributes": [],
          "private": "eyJlMmJmYjczMC1lY2FhLTExZTYtOGY4OC0zNDM2M2JjN2M0YzAiOnsiY3JlYXRlIjo2MDAwMDAwMDAwMDAsImRlbGV0ZSI6MTIwMDAwMDAwMDAwMH0sInNjaGVtYV92ZXJzaW9uIjoiMSJ9",
          "dependencies": [
            "aws_vpc.new-vpc",
            "data.aws_availability_zones.available-zones"
          ]
        }
      ]
    },
    {
      "mode": "managed",
      "type": "aws_vpc",
      "name": "new-vpc",
      "provider": "provider[\"registry.terraform.io/hashicorp/aws\"]",
      "instances": [
        {
          "schema_version": 1,
          "attributes": {
            "arn": "arn:aws:ec2:us-east-1:311948659781:vpc/vpc-01fcf5e0ff7ccc8da",
            "assign_generated_ipv6_cidr_block": false,
            "cidr_block": "10.0.0.0/16",
            "default_network_acl_id": "acl-04a2b8b789d7981df",
            "default_route_table_id": "rtb-0a9d4c0fc99199a6e",
            "default_security_group_id": "sg-08fcaf5a9cb025c46",
            "dhcp_options_id": "dopt-07374bbec27381574",
            "enable_dns_hostnames": false,
            "enable_dns_support": true,
            "enable_network_address_usage_metrics": false,
            "id": "vpc-01fcf5e0ff7ccc8da",
            "instance_tenancy": "default",
            "ipv4_ipam_pool_id": null,
            "ipv4_netmask_length": null,
            "ipv6_association_id": "",
            "ipv6_cidr_block": "",
            "ipv6_cidr_block_network_border_group": "",
            "ipv6_ipam_pool_id": "",
            "ipv6_netmask_length": 0,
            "main_route_table_id": "rtb-0a9d4c0fc99199a6e",
            "owner_id": "311948659781",
            "tags": {
              "Name": "joao-dev-vpc"
            },
            "tags_all": {
              "Name": "joao-dev-vpc"
            }
          },
          "sensitive_attributes": [],
          "private": "eyJzY2hlbWFfdmVyc2lvbiI6IjEifQ=="
        }
      ]
    },
    {
      "mode": "managed",
      "type": "local_file",
      "name": "kubeconfig",
      "provider": "provider[\"registry.terraform.io/hashicorp/local\"]",
      "instances": [
        {
          "schema_version": 0,
          "attributes": {
            "content": "apiVersion: v1\nclusters:\n- cluster:\n    certificate-authority-data: LS0tLS1CRUdJTiBDRVJUSUZJQ0FURS0tLS0tCk1JSURCVENDQWUyZ0F3SUJBZ0lJY1ZpTjZoaXhyeGN3RFFZSktvWklodmNOQVFFTEJRQXdGVEVUTUJFR0ExVUUKQXhNS2EzVmlaWEp1WlhSbGN6QWVGdzB5TXpFeE1qSXlNVFV5TkRSYUZ3MHpNekV4TVRreU1UVTNORFJhTUJVeApFekFSQmdOVkJBTVRDbXQxWW1WeWJtVjBaWE13Z2dFaU1BMEdDU3FHU0liM0RRRUJBUVVBQTRJQkR3QXdnZ0VLCkFvSUJBUURNaDUwN016ZHlzQklvUVZaY3FqM3lVYW0xQ2JvZWNHS0c3TVlMa0hpbk5ZQ2wxWmY1d0NLVXZHd1gKTm94Q3dYNHNkVXdTb0pYWWFGU1pBZmNaaEVSRTRjczZ0K1ltNGR6eG9YVWc5c0VlaGxqL0M1ZllGYTZzbjYvSQpqdE9GMkVKY0RkZTZLdXZ5MkpoUVZPQTA5SWJUWnFtclg3QVNKUzNIZm9sYnFrMjAyS2Q0OEVIc2hZUmllREhiClRCTlhTT1VkY0hraGh1U3JvNmloWitKMC8yOTY1YjdFaitqZjFoWGkvMGdXYWhEa3dCdkNONjdqazNRMzJqZ28KVENrQ2pwbFUyejc5Y3U0VFdraURweVFYUkdBYkh5RlRVYnJXNHFTWnFvYVY1TjlLUlljOUtpZDhIVVJid0xKSwpvK2FYZEJibzE1VWgyZ0tMcks4eHVsZXhjREhUQWdNQkFBR2pXVEJYTUE0R0ExVWREd0VCL3dRRUF3SUNwREFQCkJnTlZIUk1CQWY4RUJUQURBUUgvTUIwR0ExVWREZ1FXQkJSKzF2dCtpQ2NJTkxYcm45K092dmZJUy9qOG9UQVYKQmdOVkhSRUVEakFNZ2dwcmRXSmxjbTVsZEdWek1BMEdDU3FHU0liM0RRRUJDd1VBQTRJQkFRQUhiUldhdVVKaQpCZ0dHdmdhWklrMWRSUUs3ZFdTeWpMWWttcWRmcjhla1FlNWgrTmljMmh4Q1ZJeWt4c3V5MTJRRVNhYkJwZEY2CmFWRVZRUWpDRWtsUVVBK0NmZGthdmhjWC9pVXp4Ujd5eWU3ZWNNRFM4WTVUWWJobFN2OXRoK3FyYjdqV2dNUXAKUzZnRnU3Y2ZKdUtqbGRwcUxLOEVWQ3JZMnJmK00xTnAyckY2QkRKMHdrRmxaYmpyZXhqdHZJbTJsQUthV2liYgo0VDBScFVhMlFhUFpXOU8xN0dwUWFxOThSeEd5VCtnZFVJTkxQQXg4Y0dYWEkzUUhYeVFobUthdjgvd2pDRVl6Cm5ZVUFwUFkvZmI2blZlV2FWaTlUc1pDMElUQlZxVmhIWkwvZVErL244OHg2U2lncDEzSDJ2K2hHU0p5Y2ExaHMKZDM0QVc2NTc4SnI5Ci0tLS0tRU5EIENFUlRJRklDQVRFLS0tLS0K\n    server: https://0513684DEDC1820ADA17ACC712A8C598.gr7.us-east-1.eks.amazonaws.com\n  name: kubernetes\ncontexts:\n- context:\n    cluster: kubernetes\n    user: \"joao-dev-curso-fc\"\n  name: \"joao-dev-curso-fc\"\ncurrent-context: \"joao-dev-curso-fc\"\nkind: Config\npreferences: {}\nusers:\n- name: \"joao-dev-curso-fc\"\n  user:\n    exec:\n      apiVersion: client.authentication.k8s.io/v1alpha1\n      command: aws-iam-authenticator\n      args:\n      - \"token\"\n      - \"-i\"\n      - \"joao-dev-curso-fc\"\n",
            "content_base64": null,
            "content_base64sha256": "/ctCdzSiPJaMhltEmU+tcPZ2gZZ5iLc7VYnLjPNXW6U=",
            "content_base64sha512": "XatzteUl5T5gOkWELp5E5xDcXyt1MLA947qjZwHw3n3aHAvIL9d3VXh4Z3KAEBtHaGTWGWI4POC/jLcDadLyOw==",
            "content_md5": "21fd10a9b5c82267f7f8034e4388dd1d",
            "content_sha1": "3a7b81937cdc1c1a600597fc9182e992642c20b3",
            "content_sha256": "fdcb427734a23c968c865b44994fad70f67681967988b73b5589cb8cf3575ba5",
            "content_sha512": "5dab73b5e525e53e603a45842e9e44e710dc5f2b7530b03de3baa36701f0de7dda1c0bc82fd777557878677280101b476864d61962383ce0bf8cb70369d2f23b",
            "directory_permission": "0777",
            "file_permission": "0777",
            "filename": "kubeconfig",
            "id": "3a7b81937cdc1c1a600597fc9182e992642c20b3",
            "sensitive_content": null,
            "source": null
          },
          "sensitive_attributes": [],
          "dependencies": [
            "aws_cloudwatch_log_group.cluster-log-group",
            "aws_eks_cluster.cluster",
            "aws_iam_role.cluster-role",
            "aws_iam_role_policy_attachment.cluster-AmazonEKSCluserPolicy",
            "aws_iam_role_policy_attachment.cluster-AmazonEKSVPCResourceController",
            "aws_security_group.new-security-group",
            "aws_subnet.subnets",
            "aws_vpc.new-vpc",
            "data.aws_availability_zones.available-zones"
          ]
        }
      ]
    }
  ],
  "check_results": null
}
